
Microsoft Visual Studio Solution File, Format Version 12.00
# Visual Studio Version 16
VisualStudioVersion = 16.0.29102.190
MinimumVisualStudioVersion = 10.0.40219.1
Project("{FAE04EC0-301F-11D3-BF4B-00C04F79EFBC}") = "Pizzaria", "Pizzaria\Pizzaria.csproj", "{80FC4870-66CA-4475-AC52-3CB88492E5BD}"
EndProject
Global
	GlobalSection(SolutionConfigurationPlatforms) = preSolution
		Debug|Any CPU = Debug|Any CPU
		Release|Any CPU = Release|Any CPU
	EndGlobalSection
	GlobalSection(ProjectConfigurationPlatforms) = postSolution
		{80FC4870-66CA-4475-AC52-3CB88492E5BD}.Debug|Any CPU.ActiveCfg = Debug|Any CPU
		{80FC4870-66CA-4475-AC52-3CB88492E5BD}.Debug|Any CPU.Build.0 = Debug|Any CPU
		{80FC4870-66CA-4475-AC52-3CB88492E5BD}.Release|Any CPU.ActiveCfg = Release|Any CPU
		{80FC4870-66CA-4475-AC52-3CB88492E5BD}.Release|Any CPU.Build.0 = Release|Any CPU
	EndGlobalSection
	GlobalSection(SolutionProperties) = preSolution
		HideSolutionNode = FALSE
	EndGlobalSection
	GlobalSection(ExtensibilityGlobals) = postSolution
		SolutionGuid = {70404722-36C4-49C4-AFE2-82E1E4957642}
	EndGlobalSection
EndGlobal
